
Microsoft Visual Studio Solution File, Format Version 12.00
# Visual Studio Version 17
VisualStudioVersion = 17.9.34607.119
MinimumVisualStudioVersion = 10.0.40219.1
Project("{FAE04EC0-301F-11D3-BF4B-00C04F79EFBC}") = "DDT-CRM", "DDT-CRM.csproj", "{92A9922D-31B4-4C44-B535-D5F119F4DA39}"
EndProject
Global
	GlobalSection(SolutionConfigurationPlatforms) = preSolution
		Debug|Any CPU = Debug|Any CPU
		Release|Any CPU = Release|Any CPU
	EndGlobalSection
	GlobalSection(ProjectConfigurationPlatforms) = postSolution
		{92A9922D-31B4-4C44-B535-D5F119F4DA39}.Debug|Any CPU.ActiveCfg = Debug|Any CPU
		{92A9922D-31B4-4C44-B535-D5F119F4DA39}.Debug|Any CPU.Build.0 = Debug|Any CPU
		{92A9922D-31B4-4C44-B535-D5F119F4DA39}.Release|Any CPU.ActiveCfg = Release|Any CPU
		{92A9922D-31B4-4C44-B535-D5F119F4DA39}.Release|Any CPU.Build.0 = Release|Any CPU
	EndGlobalSection
	GlobalSection(SolutionProperties) = preSolution
		HideSolutionNode = FALSE
	EndGlobalSection
	GlobalSection(ExtensibilityGlobals) = postSolution
		SolutionGuid = {1584CFC2-278B-47B6-BD0A-CCEACC6A4B4D}
	EndGlobalSection
EndGlobal
